Microsoft Visual Studio Solution File, Format Version 10.00
# Visual Studio 2008
Project("{8BC9CEB8-8B4A-11D0-8D11-00A0C91BC942}") = "MayaVertexChameleonPlugin", "MayaVertexColourPlugin.vcproj", "{C37300BB-AE9D-45B9-9D17-AF6C95AF451B}"
EndProject
Global
	GlobalSection(SolutionConfigurationPlatforms) = preSolution
		Debug Maya2008|Win32 = Debug Maya2008|Win32
		Debug Maya2008|x64 = Debug Maya2008|x64
		Debug Maya2009|Win32 = Debug Maya2009|Win32
		Debug Maya2009|x64 = Debug Maya2009|x64
		Debug Maya2010|Win32 = Debug Maya2010|Win32
		Debug Maya2010|x64 = Debug Maya2010|x64
		Debug Maya2011|Win32 = Debug Maya2011|Win32
		Debug Maya2011|x64 = Debug Maya2011|x64
		Debug Maya60|Win32 = Debug Maya60|Win32
		Debug Maya60|x64 = Debug Maya60|x64
		Debug Maya65|Win32 = Debug Maya65|Win32
		Debug Maya65|x64 = Debug Maya65|x64
		Debug Maya70|Win32 = Debug Maya70|Win32
		Debug Maya70|x64 = Debug Maya70|x64
		Debug Maya80|Win32 = Debug Maya80|Win32
		Debug Maya80|x64 = Debug Maya80|x64
		Debug Maya85|Win32 = Debug Maya85|Win32
		Debug Maya85|x64 = Debug Maya85|x64
		Debug|Win32 = Debug|Win32
		Debug|x64 = Debug|x64
		Release Maya2008|Win32 = Release Maya2008|Win32
		Release Maya2008|x64 = Release Maya2008|x64
		Release Maya2009|Win32 = Release Maya2009|Win32
		Release Maya2009|x64 = Release Maya2009|x64
		Release Maya2010|Win32 = Release Maya2010|Win32
		Release Maya2010|x64 = Release Maya2010|x64
		Release Maya2011|Win32 = Release Maya2011|Win32
		Release Maya2011|x64 = Release Maya2011|x64
		Release Maya2012|Win32 = Release Maya2012|Win32
		Release Maya2012|x64 = Release Maya2012|x64
		Release Maya2013.5|Win32 = Release Maya2013.5|Win32
		Release Maya2013.5|x64 = Release Maya2013.5|x64
		Release Maya2013|Win32 = Release Maya2013|Win32
		Release Maya2013|x64 = Release Maya2013|x64
		Release Maya2014|Win32 = Release Maya2014|Win32
		Release Maya2014|x64 = Release Maya2014|x64
		Release Maya2015|Win32 = Release Maya2015|Win32
		Release Maya2015|x64 = Release Maya2015|x64
		Release Maya60|Win32 = Release Maya60|Win32
		Release Maya60|x64 = Release Maya60|x64
		Release Maya65|Win32 = Release Maya65|Win32
		Release Maya65|x64 = Release Maya65|x64
		Release Maya70|Win32 = Release Maya70|Win32
		Release Maya70|x64 = Release Maya70|x64
		Release Maya80|Win32 = Release Maya80|Win32
		Release Maya80|x64 = Release Maya80|x64
		Release Maya85|Win32 = Release Maya85|Win32
		Release Maya85|x64 = Release Maya85|x64
		Release|Win32 = Release|Win32
		Release|x64 = Release|x64
	EndGlobalSection
	GlobalSection(ProjectConfigurationPlatforms) = postSolution
		{C37300BB-AE9D-45B9-9D17-AF6C95AF451B}.Debug Maya2008|Win32.ActiveCfg = Debug Maya2008|Win32
		{C37300BB-AE9D-45B9-9D17-AF6C95AF451B}.Debug Maya2008|Win32.Build.0 = Debug Maya2008|Win32
		{C37300BB-AE9D-45B9-9D17-AF6C95AF451B}.Debug Maya2008|x64.ActiveCfg = Debug Maya2008|x64
		{C37300BB-AE9D-45B9-9D17-AF6C95AF451B}.Debug Maya2008|x64.Build.0 = Debug Maya2008|x64
		{C37300BB-AE9D-45B9-9D17-AF6C95AF451B}.Debug Maya2009|Win32.ActiveCfg = Debug Maya2009|Win32
		{C37300BB-AE9D-45B9-9D17-AF6C95AF451B}.Debug Maya2009|Win32.Build.0 = Debug Maya2009|Win32
		{C37300BB-AE9D-45B9-9D17-AF6C95AF451B}.Debug Maya2009|x64.ActiveCfg = Debug Maya2009|x64
		{C37300BB-AE9D-45B9-9D17-AF6C95AF451B}.Debug Maya2009|x64.Build.0 = Debug Maya2009|x64
		{C37300BB-AE9D-45B9-9D17-AF6C95AF451B}.Debug Maya2010|Win32.ActiveCfg = Debug Maya2010|Win32
		{C37300BB-AE9D-45B9-9D17-AF6C95AF451B}.Debug Maya2010|Win32.Build.0 = Debug Maya2010|Win32
		{C37300BB-AE9D-45B9-9D17-AF6C95AF451B}.Debug Maya2010|x64.ActiveCfg = Debug Maya2010|x64
		{C37300BB-AE9D-45B9-9D17-AF6C95AF451B}.Debug Maya2010|x64.Build.0 = Debug Maya2010|x64
		{C37300BB-AE9D-45B9-9D17-AF6C95AF451B}.Debug Maya2011|Win32.ActiveCfg = Debug Maya2011|Win32
		{C37300BB-AE9D-45B9-9D17-AF6C95AF451B}.Debug Maya2011|Win32.Build.0 = Debug Maya2011|Win32
		{C37300BB-AE9D-45B9-9D17-AF6C95AF451B}.Debug Maya2011|x64.ActiveCfg = Debug Maya2011|x64
		{C37300BB-AE9D-45B9-9D17-AF6C95AF451B}.Debug Maya2011|x64.Build.0 = Debug Maya2011|x64
		{C37300BB-AE9D-45B9-9D17-AF6C95AF451B}.Debug Maya60|Win32.ActiveCfg = Debug Maya60|Win32
		{C37300BB-AE9D-45B9-9D17-AF6C95AF451B}.Debug Maya60|Win32.Build.0 = Debug Maya60|Win32
		{C37300BB-AE9D-45B9-9D17-AF6C95AF451B}.Debug Maya60|x64.ActiveCfg = Debug Maya60|x64
		{C37300BB-AE9D-45B9-9D17-AF6C95AF451B}.Debug Maya60|x64.Build.0 = Debug Maya60|x64
		{C37300BB-AE9D-45B9-9D17-AF6C95AF451B}.Debug Maya65|Win32.ActiveCfg = Debug Maya65|Win32
		{C37300BB-AE9D-45B9-9D17-AF6C95AF451B}.Debug Maya65|Win32.Build.0 = Debug Maya65|Win32
		{C37300BB-AE9D-45B9-9D17-AF6C95AF451B}.Debug Maya65|x64.ActiveCfg = Debug Maya65|x64
		{C37300BB-AE9D-45B9-9D17-AF6C95AF451B}.Debug Maya65|x64.Build.0 = Debug Maya65|x64
		{C37300BB-AE9D-45B9-9D17-AF6C95AF451B}.Debug Maya70|Win32.ActiveCfg = Debug Maya70|Win32
		{C37300BB-AE9D-45B9-9D17-AF6C95AF451B}.Debug Maya70|Win32.Build.0 = Debug Maya70|Win32
		{C37300BB-AE9D-45B9-9D17-AF6C95AF451B}.Debug Maya70|x64.ActiveCfg = Debug Maya70|x64
		{C37300BB-AE9D-45B9-9D17-AF6C95AF451B}.Debug Maya70|x64.Build.0 = Debug Maya70|x64
		{C37300BB-AE9D-45B9-9D17-AF6C95AF451B}.Debug Maya80|Win32.ActiveCfg = Debug Maya80|Win32
		{C37300BB-AE9D-45B9-9D17-AF6C95AF451B}.Debug Maya80|Win32.Build.0 = Debug Maya80|Win32
		{C37300BB-AE9D-45B9-9D17-AF6C95AF451B}.Debug Maya80|x64.ActiveCfg = Debug Maya80|x64
		{C37300BB-AE9D-45B9-9D17-AF6C95AF451B}.Debug Maya80|x64.Build.0 = Debug Maya80|x64
		{C37300BB-AE9D-45B9-9D17-AF6C95AF451B}.Debug Maya85|Win32.ActiveCfg = Debug Maya85|Win32
		{C37300BB-AE9D-45B9-9D17-AF6C95AF451B}.Debug Maya85|Win32.Build.0 = Debug Maya85|Win32
		{C37300BB-AE9D-45B9-9D17-AF6C95AF451B}.Debug Maya85|x64.ActiveCfg = Debug Maya85|x64
		{C37300BB-AE9D-45B9-9D17-AF6C95AF451B}.Debug Maya85|x64.Build.0 = Debug Maya85|x64
		{C37300BB-AE9D-45B9-9D17-AF6C95AF451B}.Debug|Win32.ActiveCfg = Debug Maya2008|x64
		{C37300BB-AE9D-45B9-9D17-AF6C95AF451B}.Debug|x64.ActiveCfg = Debug Maya2008|x64
		{C37300BB-AE9D-45B9-9D17-AF6C95AF451B}.Debug|x64.Build.0 = Debug Maya2008|x64
		{C37300BB-AE9D-45B9-9D17-AF6C95AF451B}.Release Maya2008|Win32.ActiveCfg = Release Maya2008|Win32
		{C37300BB-AE9D-45B9-9D17-AF6C95AF451B}.Release Maya2008|Win32.Build.0 = Release Maya2008|Win32
		{C37300BB-AE9D-45B9-9D17-AF6C95AF451B}.Release Maya2008|x64.ActiveCfg = Release Maya2008|x64
		{C37300BB-AE9D-45B9-9D17-AF6C95AF451B}.Release Maya2008|x64.Build.0 = Release Maya2008|x64
		{C37300BB-AE9D-45B9-9D17-AF6C95AF451B}.Release Maya2009|Win32.ActiveCfg = Release Maya2009|Win32
		{C37300BB-AE9D-45B9-9D17-AF6C95AF451B}.Release Maya2009|Win32.Build.0 = Release Maya2009|Win32
		{C37300BB-AE9D-45B9-9D17-AF6C95AF451B}.Release Maya2009|x64.ActiveCfg = Release Maya2009|x64
		{C37300BB-AE9D-45B9-9D17-AF6C95AF451B}.Release Maya2009|x64.Build.0 = Release Maya2009|x64
		{C37300BB-AE9D-45B9-9D17-AF6C95AF451B}.Release Maya2010|Win32.ActiveCfg = Release Maya2010|Win32
		{C37300BB-AE9D-45B9-9D17-AF6C95AF451B}.Release Maya2010|Win32.Build.0 = Release Maya2010|Win32
		{C37300BB-AE9D-45B9-9D17-AF6C95AF451B}.Release Maya2010|x64.ActiveCfg = Release Maya2010|x64
		{C37300BB-AE9D-45B9-9D17-AF6C95AF451B}.Release Maya2010|x64.Build.0 = Release Maya2010|x64
		{C37300BB-AE9D-45B9-9D17-AF6C95AF451B}.Release Maya2011|Win32.ActiveCfg = Release Maya2011|Win32
		{C37300BB-AE9D-45B9-9D17-AF6C95AF451B}.Release Maya2011|Win32.Build.0 = Release Maya2011|Win32
		{C37300BB-AE9D-45B9-9D17-AF6C95AF451B}.Release Maya2011|x64.ActiveCfg = Release Maya2011|x64
		{C37300BB-AE9D-45B9-9D17-AF6C95AF451B}.Release Maya2011|x64.Build.0 = Release Maya2011|x64
		{C37300BB-AE9D-45B9-9D17-AF6C95AF451B}.Release Maya2012|Win32.ActiveCfg = Release Maya2012|Win32
		{C37300BB-AE9D-45B9-9D17-AF6C95AF451B}.Release Maya2012|Win32.Build.0 = Release Maya2012|Win32
		{C37300BB-AE9D-45B9-9D17-AF6C95AF451B}.Release Maya2012|x64.ActiveCfg = Release Maya2012|x64
		{C37300BB-AE9D-45B9-9D17-AF6C95AF451B}.Release Maya2012|x64.Build.0 = Release Maya2012|x64
		{C37300BB-AE9D-45B9-9D17-AF6C95AF451B}.Release Maya2013.5|Win32.ActiveCfg = Release Maya2013.5|Win32
		{C37300BB-AE9D-45B9-9D17-AF6C95AF451B}.Release Maya2013.5|Win32.Build.0 = Release Maya2013.5|Win32
		{C37300BB-AE9D-45B9-9D17-AF6C95AF451B}.Release Maya2013.5|x64.ActiveCfg = Release Maya2013.5|x64
		{C37300BB-AE9D-45B9-9D17-AF6C95AF451B}.Release Maya2013.5|x64.Build.0 = Release Maya2013.5|x64
		{C37300BB-AE9D-45B9-9D17-AF6C95AF451B}.Release Maya2013|Win32.ActiveCfg = Release Maya2013|Win32
		{C37300BB-AE9D-45B9-9D17-AF6C95AF451B}.Release Maya2013|Win32.Build.0 = Release Maya2013|Win32
		{C37300BB-AE9D-45B9-9D17-AF6C95AF451B}.Release Maya2013|x64.ActiveCfg = Release Maya2013|x64
		{C37300BB-AE9D-45B9-9D17-AF6C95AF451B}.Release Maya2013|x64.Build.0 = Release Maya2013|x64
		{C37300BB-AE9D-45B9-9D17-AF6C95AF451B}.Release Maya2014|Win32.ActiveCfg = Release Maya2014|Win32
		{C37300BB-AE9D-45B9-9D17-AF6C95AF451B}.Release Maya2014|x64.ActiveCfg = Release Maya2014|x64
		{C37300BB-AE9D-45B9-9D17-AF6C95AF451B}.Release Maya2014|x64.Build.0 = Release Maya2014|x64
		{C37300BB-AE9D-45B9-9D17-AF6C95AF451B}.Release Maya2015|Win32.ActiveCfg = Release Maya2015|Win32
		{C37300BB-AE9D-45B9-9D17-AF6C95AF451B}.Release Maya2015|Win32.Build.0 = Release Maya2015|Win32
		{C37300BB-AE9D-45B9-9D17-AF6C95AF451B}.Release Maya2015|x64.ActiveCfg = Release Maya2015|x64
		{C37300BB-AE9D-45B9-9D17-AF6C95AF451B}.Release Maya2015|x64.Build.0 = Release Maya2015|x64
		{C37300BB-AE9D-45B9-9D17-AF6C95AF451B}.Release Maya60|Win32.ActiveCfg = Release Maya60|Win32
		{C37300BB-AE9D-45B9-9D17-AF6C95AF451B}.Release Maya60|Win32.Build.0 = Release Maya60|Win32
		{C37300BB-AE9D-45B9-9D17-AF6C95AF451B}.Release Maya60|x64.ActiveCfg = Release Maya60|x64
		{C37300BB-AE9D-45B9-9D17-AF6C95AF451B}.Release Maya60|x64.Build.0 = Release Maya60|x64
		{C37300BB-AE9D-45B9-9D17-AF6C95AF451B}.Release Maya65|Win32.ActiveCfg = Release Maya65|Win32
		{C37300BB-AE9D-45B9-9D17-AF6C95AF451B}.Release Maya65|Win32.Build.0 = Release Maya65|Win32
		{C37300BB-AE9D-45B9-9D17-AF6C95AF451B}.Release Maya65|x64.ActiveCfg = Release Maya65|x64
		{C37300BB-AE9D-45B9-9D17-AF6C95AF451B}.Release Maya65|x64.Build.0 = Release Maya65|x64
		{C37300BB-AE9D-45B9-9D17-AF6C95AF451B}.Release Maya70|Win32.ActiveCfg = Release Maya70|Win32
		{C37300BB-AE9D-45B9-9D17-AF6C95AF451B}.Release Maya70|Win32.Build.0 = Release Maya70|Win32
		{C37300BB-AE9D-45B9-9D17-AF6C95AF451B}.Release Maya70|x64.ActiveCfg = Release Maya70|x64
		{C37300BB-AE9D-45B9-9D17-AF6C95AF451B}.Release Maya70|x64.Build.0 = Release Maya70|x64
		{C37300BB-AE9D-45B9-9D17-AF6C95AF451B}.Release Maya80|Win32.ActiveCfg = Release Maya80|Win32
		{C37300BB-AE9D-45B9-9D17-AF6C95AF451B}.Release Maya80|Win32.Build.0 = Release Maya80|Win32
		{C37300BB-AE9D-45B9-9D17-AF6C95AF451B}.Release Maya80|x64.ActiveCfg = Release Maya80|x64
		{C37300BB-AE9D-45B9-9D17-AF6C95AF451B}.Release Maya80|x64.Build.0 = Release Maya80|x64
		{C37300BB-AE9D-45B9-9D17-AF6C95AF451B}.Release Maya85|Win32.ActiveCfg = Release Maya85|Win32
		{C37300BB-AE9D-45B9-9D17-AF6C95AF451B}.Release Maya85|Win32.Build.0 = Release Maya85|Win32
		{C37300BB-AE9D-45B9-9D17-AF6C95AF451B}.Release Maya85|x64.ActiveCfg = Release Maya85|x64
		{C37300BB-AE9D-45B9-9D17-AF6C95AF451B}.Release Maya85|x64.Build.0 = Release Maya85|x64
		{C37300BB-AE9D-45B9-9D17-AF6C95AF451B}.Release|Win32.ActiveCfg = Release Maya2008|x64
		{C37300BB-AE9D-45B9-9D17-AF6C95AF451B}.Release|x64.ActiveCfg = Release Maya2008|x64
		{C37300BB-AE9D-45B9-9D17-AF6C95AF451B}.Release|x64.Build.0 = Release Maya2008|x64
	EndGlobalSection
	GlobalSection(SolutionProperties) = preSolution
		HideSolutionNode = FALSE
	EndGlobalSection
EndGlobal
